
Microsoft Visual Studio Solution File, Format Version 12.00
# Visual Studio Version 17
VisualStudioVersion = 17.5.33530.505
MinimumVisualStudioVersion = 10.0.40219.1
Project("{FAE04EC0-301F-11D3-BF4B-00C04F79EFBC}") = "Calculation", "Calculation\Calculation.csproj", "{24677CDE-2C8D-4C15-89FD-21F443F0783A}"
EndProject
Global
	GlobalSection(SolutionConfigurationPlatforms) = preSolution
		Debug|Any CPU = Debug|Any CPU
		Release|Any CPU = Release|Any CPU
	EndGlobalSection
	GlobalSection(ProjectConfigurationPlatforms) = postSolution
		{24677CDE-2C8D-4C15-89FD-21F443F0783A}.Debug|Any CPU.ActiveCfg = Debug|Any CPU
		{24677CDE-2C8D-4C15-89FD-21F443F0783A}.Debug|Any CPU.Build.0 = Debug|Any CPU
		{24677CDE-2C8D-4C15-89FD-21F443F0783A}.Release|Any CPU.ActiveCfg = Release|Any CPU
		{24677CDE-2C8D-4C15-89FD-21F443F0783A}.Release|Any CPU.Build.0 = Release|Any CPU
	EndGlobalSection
	GlobalSection(SolutionProperties) = preSolution
		HideSolutionNode = FALSE
	EndGlobalSection
	GlobalSection(ExtensibilityGlobals) = postSolution
		SolutionGuid = {240182E9-9F59-4121-9096-1DB1CCECB6A6}
	EndGlobalSection
EndGlobal
