
Microsoft Visual Studio Solution File, Format Version 12.00
# Visual Studio Version 17
VisualStudioVersion = 17.5.33530.505
MinimumVisualStudioVersion = 10.0.40219.1
Project("{FAE04EC0-301F-11D3-BF4B-00C04F79EFBC}") = "Calculation", "Calculation\Calculation.csproj", "{05BA80EC-1CFB-4B2D-B034-454ABCD54459}"
EndProject
Global
	GlobalSection(SolutionConfigurationPlatforms) = preSolution
		Debug|Any CPU = Debug|Any CPU
		Release|Any CPU = Release|Any CPU
	EndGlobalSection
	GlobalSection(ProjectConfigurationPlatforms) = postSolution
		{05BA80EC-1CFB-4B2D-B034-454ABCD54459}.Debug|Any CPU.ActiveCfg = Debug|Any CPU
		{05BA80EC-1CFB-4B2D-B034-454ABCD54459}.Debug|Any CPU.Build.0 = Debug|Any CPU
		{05BA80EC-1CFB-4B2D-B034-454ABCD54459}.Release|Any CPU.ActiveCfg = Release|Any CPU
		{05BA80EC-1CFB-4B2D-B034-454ABCD54459}.Release|Any CPU.Build.0 = Release|Any CPU
	EndGlobalSection
	GlobalSection(SolutionProperties) = preSolution
		HideSolutionNode = FALSE
	EndGlobalSection
	GlobalSection(ExtensibilityGlobals) = postSolution
		SolutionGuid = {A766C870-73EB-4DEA-AAF2-745647D6B109}
	EndGlobalSection
EndGlobal
